
Microsoft Visual Studio Solution File, Format Version 12.00
# Visual Studio Version 17
VisualStudioVersion = 17.14.36603.0 d17.14
MinimumVisualStudioVersion = 10.0.40219.1
Project("{FAE04EC0-301F-11D3-BF4B-00C04F79EFBC}") = "Laba5", "Laba5\Laba5.csproj", "{707B2E59-381D-4F06-8A51-4BCF8DDB7293}"
EndProject
Global
	GlobalSection(SolutionConfigurationPlatforms) = preSolution
		Debug|Any CPU = Debug|Any CPU
		Release|Any CPU = Release|Any CPU
	EndGlobalSection
	GlobalSection(ProjectConfigurationPlatforms) = postSolution
		{707B2E59-381D-4F06-8A51-4BCF8DDB7293}.Debug|Any CPU.ActiveCfg = Debug|Any CPU
		{707B2E59-381D-4F06-8A51-4BCF8DDB7293}.Debug|Any CPU.Build.0 = Debug|Any CPU
		{707B2E59-381D-4F06-8A51-4BCF8DDB7293}.Release|Any CPU.ActiveCfg = Release|Any CPU
		{707B2E59-381D-4F06-8A51-4BCF8DDB7293}.Release|Any CPU.Build.0 = Release|Any CPU
	EndGlobalSection
	GlobalSection(SolutionProperties) = preSolution
		HideSolutionNode = FALSE
	EndGlobalSection
	GlobalSection(ExtensibilityGlobals) = postSolution
		SolutionGuid = {F46F0FC7-A3DD-481F-B3C4-3EED845F3ADF}
	EndGlobalSection
EndGlobal
